
Microsoft Visual Studio Solution File, Format Version 12.00
# Visual Studio 2013
VisualStudioVersion = 12.0.20827.3
MinimumVisualStudioVersion = 10.0.40219.1
Project("{FAE04EC0-301F-11D3-BF4B-00C04F79EFBC}") = "MiniStore.Interfaces", "MiniStore.Interfaces\MiniStore.Interfaces.csproj", "{BEFEC1BB-DC62-4670-B84C-309C61A98083}"
EndProject
Project("{FAE04EC0-301F-11D3-BF4B-00C04F79EFBC}") = "MiniStore.Database", "MiniStore.Database\MiniStore.Database.csproj", "{47186204-D948-4842-8ECC-2C401525621B}"
EndProject
Project("{FAE04EC0-301F-11D3-BF4B-00C04F79EFBC}") = "MiniStore.BusinessCore", "MiniStore.BusinessCore\MiniStore.BusinessCore.csproj", "{0F017710-AE29-455F-B791-175BE2A37ECE}"
EndProject
Project("{2150E333-8FDC-42A3-9474-1A3956D46DE8}") = "Meta", "Meta", "{50C2AEEB-1B4A-457D-AABE-36B0F89D89D3}"
EndProject
Project("{FAE04EC0-301F-11D3-BF4B-00C04F79EFBC}") = "MiniStore.BusinessCore.Tests", "UnitTestProject1\MiniStore.BusinessCore.Tests.csproj", "{ED691FFA-7DB5-4F43-8A66-6CFD748B98D6}"
EndProject
Global
	GlobalSection(SolutionConfigurationPlatforms) = preSolution
		Debug|Any CPU = Debug|Any CPU
		Release|Any CPU = Release|Any CPU
	EndGlobalSection
	GlobalSection(ProjectConfigurationPlatforms) = postSolution
		{BEFEC1BB-DC62-4670-B84C-309C61A98083}.Debug|Any CPU.ActiveCfg = Debug|Any CPU
		{BEFEC1BB-DC62-4670-B84C-309C61A98083}.Debug|Any CPU.Build.0 = Debug|Any CPU
		{BEFEC1BB-DC62-4670-B84C-309C61A98083}.Release|Any CPU.ActiveCfg = Release|Any CPU
		{BEFEC1BB-DC62-4670-B84C-309C61A98083}.Release|Any CPU.Build.0 = Release|Any CPU
		{47186204-D948-4842-8ECC-2C401525621B}.Debug|Any CPU.ActiveCfg = Debug|Any CPU
		{47186204-D948-4842-8ECC-2C401525621B}.Debug|Any CPU.Build.0 = Debug|Any CPU
		{47186204-D948-4842-8ECC-2C401525621B}.Release|Any CPU.ActiveCfg = Release|Any CPU
		{47186204-D948-4842-8ECC-2C401525621B}.Release|Any CPU.Build.0 = Release|Any CPU
		{0F017710-AE29-455F-B791-175BE2A37ECE}.Debug|Any CPU.ActiveCfg = Debug|Any CPU
		{0F017710-AE29-455F-B791-175BE2A37ECE}.Debug|Any CPU.Build.0 = Debug|Any CPU
		{0F017710-AE29-455F-B791-175BE2A37ECE}.Release|Any CPU.ActiveCfg = Release|Any CPU
		{0F017710-AE29-455F-B791-175BE2A37ECE}.Release|Any CPU.Build.0 = Release|Any CPU
		{ED691FFA-7DB5-4F43-8A66-6CFD748B98D6}.Debug|Any CPU.ActiveCfg = Debug|Any CPU
		{ED691FFA-7DB5-4F43-8A66-6CFD748B98D6}.Debug|Any CPU.Build.0 = Debug|Any CPU
		{ED691FFA-7DB5-4F43-8A66-6CFD748B98D6}.Release|Any CPU.ActiveCfg = Release|Any CPU
		{ED691FFA-7DB5-4F43-8A66-6CFD748B98D6}.Release|Any CPU.Build.0 = Release|Any CPU
	EndGlobalSection
	GlobalSection(SolutionProperties) = preSolution
		HideSolutionNode = FALSE
	EndGlobalSection
	GlobalSection(NestedProjects) = preSolution
		{47186204-D948-4842-8ECC-2C401525621B} = {50C2AEEB-1B4A-457D-AABE-36B0F89D89D3}
		{BEFEC1BB-DC62-4670-B84C-309C61A98083} = {50C2AEEB-1B4A-457D-AABE-36B0F89D89D3}
	EndGlobalSection
EndGlobal
